
Microsoft Visual Studio Solution File, Format Version 11.00
# Visual Studio 2010
Project("{FAE04EC0-301F-11D3-BF4B-00C04F79EFBC}") = "Mission-Demolition-Prototype-main", "Assembly-CSharp.csproj", "{FA56DF34-676E-8A3B-DBDE-EF46D547802B}"
EndProject
Global
	GlobalSection(SolutionConfigurationPlatforms) = preSolution
		Debug|Any CPU = Debug|Any CPU
		Release|Any CPU = Release|Any CPU
	EndGlobalSection
	GlobalSection(ProjectConfigurationPlatforms) = postSolution
		{FA56DF34-676E-8A3B-DBDE-EF46D547802B}.Debug|Any CPU.ActiveCfg = Debug|Any CPU
		{FA56DF34-676E-8A3B-DBDE-EF46D547802B}.Debug|Any CPU.Build.0 = Debug|Any CPU
		{FA56DF34-676E-8A3B-DBDE-EF46D547802B}.Release|Any CPU.ActiveCfg = Release|Any CPU
		{FA56DF34-676E-8A3B-DBDE-EF46D547802B}.Release|Any CPU.Build.0 = Release|Any CPU
	EndGlobalSection
	GlobalSection(SolutionProperties) = preSolution
		HideSolutionNode = FALSE
	EndGlobalSection
	GlobalSection(MonoDevelopProperties) = preSolution
		StartupItem = Assembly-CSharp.csproj
	EndGlobalSection
EndGlobal
